
Microsoft Visual Studio Solution File, Format Version 12.00
# Visual Studio Version 17
VisualStudioVersion = 17.1.32210.238
MinimumVisualStudioVersion = 10.0.40219.1
Project("{FAE04EC0-301F-11D3-BF4B-00C04F79EFBC}") = "CommercialDataProcessing", "CommercialDataProcessing\CommercialDataProcessing.csproj", "{8D73FF5E-2D87-4CE3-B499-CBD01F9A058B}"
EndProject
Global
	GlobalSection(SolutionConfigurationPlatforms) = preSolution
		Debug|Any CPU = Debug|Any CPU
		Release|Any CPU = Release|Any CPU
	EndGlobalSection
	GlobalSection(ProjectConfigurationPlatforms) = postSolution
		{8D73FF5E-2D87-4CE3-B499-CBD01F9A058B}.Debug|Any CPU.ActiveCfg = Debug|Any CPU
		{8D73FF5E-2D87-4CE3-B499-CBD01F9A058B}.Debug|Any CPU.Build.0 = Debug|Any CPU
		{8D73FF5E-2D87-4CE3-B499-CBD01F9A058B}.Release|Any CPU.ActiveCfg = Release|Any CPU
		{8D73FF5E-2D87-4CE3-B499-CBD01F9A058B}.Release|Any CPU.Build.0 = Release|Any CPU
	EndGlobalSection
	GlobalSection(SolutionProperties) = preSolution
		HideSolutionNode = FALSE
	EndGlobalSection
	GlobalSection(ExtensibilityGlobals) = postSolution
		SolutionGuid = {AB4CC941-552F-4C49-A9D1-7ECA34D46BC3}
	EndGlobalSection
EndGlobal
